
Microsoft Visual Studio Solution File, Format Version 12.00
# Visual Studio Version 17
VisualStudioVersion = 17.0.31903.59
MinimumVisualStudioVersion = 10.0.40219.1
Project("{2150E333-8FDC-42A3-9474-1A3956D46DE8}") = "src", "src", "{827E0CD3-B72D-47B6-A68D-7590B98EB39B}"
EndProject
Project("{FAE04EC0-301F-11D3-BF4B-00C04F79EFBC}") = "LocalEmbedder", "src\LocalEmbedder\LocalEmbedder.csproj", "{FEAB3410-3607-4E84-BFB3-CAA24B1CC6BC}"
EndProject
Project("{2150E333-8FDC-42A3-9474-1A3956D46DE8}") = "tests", "tests", "{0AB3BF05-4346-4AA6-1389-037BE0695223}"
EndProject
Project("{FAE04EC0-301F-11D3-BF4B-00C04F79EFBC}") = "LocalEmbedder.Tests", "tests\LocalEmbedder.Tests\LocalEmbedder.Tests.csproj", "{A9A746BB-58CD-4D70-AE36-D4E0136F957B}"
EndProject
Global
	GlobalSection(SolutionConfigurationPlatforms) = preSolution
		Debug|Any CPU = Debug|Any CPU
		Debug|x64 = Debug|x64
		Debug|x86 = Debug|x86
		Release|Any CPU = Release|Any CPU
		Release|x64 = Release|x64
		Release|x86 = Release|x86
	EndGlobalSection
	GlobalSection(ProjectConfigurationPlatforms) = postSolution
		{FEAB3410-3607-4E84-BFB3-CAA24B1CC6BC}.Debug|Any CPU.ActiveCfg = Debug|Any CPU
		{FEAB3410-3607-4E84-BFB3-CAA24B1CC6BC}.Debug|Any CPU.Build.0 = Debug|Any CPU
		{FEAB3410-3607-4E84-BFB3-CAA24B1CC6BC}.Debug|x64.ActiveCfg = Debug|Any CPU
		{FEAB3410-3607-4E84-BFB3-CAA24B1CC6BC}.Debug|x64.Build.0 = Debug|Any CPU
		{FEAB3410-3607-4E84-BFB3-CAA24B1CC6BC}.Debug|x86.ActiveCfg = Debug|Any CPU
		{FEAB3410-3607-4E84-BFB3-CAA24B1CC6BC}.Debug|x86.Build.0 = Debug|Any CPU
		{FEAB3410-3607-4E84-BFB3-CAA24B1CC6BC}.Release|Any CPU.ActiveCfg = Release|Any CPU
		{FEAB3410-3607-4E84-BFB3-CAA24B1CC6BC}.Release|Any CPU.Build.0 = Release|Any CPU
		{FEAB3410-3607-4E84-BFB3-CAA24B1CC6BC}.Release|x64.ActiveCfg = Release|Any CPU
		{FEAB3410-3607-4E84-BFB3-CAA24B1CC6BC}.Release|x64.Build.0 = Release|Any CPU
		{FEAB3410-3607-4E84-BFB3-CAA24B1CC6BC}.Release|x86.ActiveCfg = Release|Any CPU
		{FEAB3410-3607-4E84-BFB3-CAA24B1CC6BC}.Release|x86.Build.0 = Release|Any CPU
		{A9A746BB-58CD-4D70-AE36-D4E0136F957B}.Debug|Any CPU.ActiveCfg = Debug|Any CPU
		{A9A746BB-58CD-4D70-AE36-D4E0136F957B}.Debug|Any CPU.Build.0 = Debug|Any CPU
		{A9A746BB-58CD-4D70-AE36-D4E0136F957B}.Debug|x64.ActiveCfg = Debug|Any CPU
		{A9A746BB-58CD-4D70-AE36-D4E0136F957B}.Debug|x64.Build.0 = Debug|Any CPU
		{A9A746BB-58CD-4D70-AE36-D4E0136F957B}.Debug|x86.ActiveCfg = Debug|Any CPU
		{A9A746BB-58CD-4D70-AE36-D4E0136F957B}.Debug|x86.Build.0 = Debug|Any CPU
		{A9A746BB-58CD-4D70-AE36-D4E0136F957B}.Release|Any CPU.ActiveCfg = Release|Any CPU
		{A9A746BB-58CD-4D70-AE36-D4E0136F957B}.Release|Any CPU.Build.0 = Release|Any CPU
		{A9A746BB-58CD-4D70-AE36-D4E0136F957B}.Release|x64.ActiveCfg = Release|Any CPU
		{A9A746BB-58CD-4D70-AE36-D4E0136F957B}.Release|x64.Build.0 = Release|Any CPU
		{A9A746BB-58CD-4D70-AE36-D4E0136F957B}.Release|x86.ActiveCfg = Release|Any CPU
		{A9A746BB-58CD-4D70-AE36-D4E0136F957B}.Release|x86.Build.0 = Release|Any CPU
	EndGlobalSection
	GlobalSection(SolutionProperties) = preSolution
		HideSolutionNode = FALSE
	EndGlobalSection
	GlobalSection(NestedProjects) = preSolution
		{FEAB3410-3607-4E84-BFB3-CAA24B1CC6BC} = {827E0CD3-B72D-47B6-A68D-7590B98EB39B}
		{A9A746BB-58CD-4D70-AE36-D4E0136F957B} = {0AB3BF05-4346-4AA6-1389-037BE0695223}
	EndGlobalSection
EndGlobal
